{
  "name": "energi-api-test-framework",
  "version": "1.0.0",
  "lockfileVersion": 3,
  "requires": true,
  "packages": {
    "": {
      "name": "energi-api-test-framework",
      "version": "1.0.0",
      "license": "ISC",
      "dependencies": {
        "newman": "^6.2.1",
        "newman-reporter-htmlextra": "^1.23.1"
      },
      "devDependencies": {}
    },
    "node_modules/@budibase/handlebars-helpers": {
      "version": "0.13.1",
      "resolved": "https://registry.npmjs.org/@budibase/handlebars-helpers/-/handlebars-helpers-0.13.1.tgz",
      "integrity": "sha512-v4RbXhr3igvK3i2pj5cNltu/4NMxdPIzcUt/o0RoInhesNH1VSLRdweSFr6/Y34fsCR5jHZ6vltdcz2RgrTKgw==",
      "license": "MIT",
      "dependencies": {
        "get-object": "^0.2.0",
        "get-value": "^3.0.1",
        "handlebars": "^4.7.7",
        "handlebars-utils": "^1.0.6",
        "has-value": "^2.0.2",
        "html-tag": "^2.0.0",
        "is-glob": "^4.0.1",
        "kind-of": "^6.0.3",
        "micromatch": "^4.0.5",
        "relative": "^3.0.2",
        "striptags": "^3.1.1",
        "to-gfm-code-block": "^0.1.1",
        "uuid": "^9.0.1"
      },
      "engines": {
        "node": ">=10.12.0"
      }
    },
    "node_modules/@colors/colors": {
      "version": "1.5.0",
      "resolved": "https://registry.npmjs.org/@colors/colors/-/colors-1.5.0.tgz",
      "integrity": "sha512-ooWCrlZP11i8GImSjTHYHLkvFDP48nS4+204nGb1RiX/WXYHmJA2III9/e2DWVabCESdW7hBAEzHRqUn9OUVvQ==",
      "license": "MIT",
      "optional": true,
      "engines": {
        "node": ">=0.1.90"
      }
    },
